// !$*UTF8*$!
{
	archiveVersion = 1;
	classes = {
	};
	objectVersion = 56;
	objects = {

/* Begin PBXBuildFile section */
		2209CAC72A64651900A3F40C /* RickAndMortyApp.swift in Sources */ = {isa = PBXBuildFile; fileRef = 2209CAC62A64651900A3F40C /* RickAndMortyApp.swift */; };
		2209CAC92A64651900A3F40C /* CharacterList.swift in Sources */ = {isa = PBXBuildFile; fileRef = 2209CAC82A64651900A3F40C /* CharacterList.swift */; };
		2209CACB2A64651A00A3F40C /* Assets.xcassets in Resources */ = {isa = PBXBuildFile; fileRef = 2209CACA2A64651A00A3F40C /* Assets.xcassets */; };
		2209CACE2A64651A00A3F40C /* Preview Assets.xcassets in Resources */ = {isa = PBXBuildFile; fileRef = 2209CACD2A64651A00A3F40C /* Preview Assets.xcassets */; };
		2209CADB2A6468CB00A3F40C /* Apollo in Frameworks */ = {isa = PBXBuildFile; productRef = 2209CADA2A6468CB00A3F40C /* Apollo */; };
		2209CADD2A6468CB00A3F40C /* ApolloWebSocket in Frameworks */ = {isa = PBXBuildFile; productRef = 2209CADC2A6468CB00A3F40C /* ApolloWebSocket */; };
		222655C92A646D4A00EA0F5B /* schema.graphqls in Resources */ = {isa = PBXBuildFile; fileRef = 222655C82A646D4A00EA0F5B /* schema.graphqls */; };
		222655CF2A646D9D00EA0F5B /* RickAndMortyAPI in Frameworks */ = {isa = PBXBuildFile; productRef = 222655CE2A646D9D00EA0F5B /* RickAndMortyAPI */; };
		222655D12A646E7C00EA0F5B /* NetworkManager.swift in Sources */ = {isa = PBXBuildFile; fileRef = 222655D02A646E7C00EA0F5B /* NetworkManager.swift */; };
		222655D32A64772F00EA0F5B /* CharacterService.swift in Sources */ = {isa = PBXBuildFile; fileRef = 222655D22A64772F00EA0F5B /* CharacterService.swift */; };
		222655D82A647D1600EA0F5B /* CharacterListViewModel.swift in Sources */ = {isa = PBXBuildFile; fileRef = 222655D72A647D1600EA0F5B /* CharacterListViewModel.swift */; };
		22A2CE1F2A64970B00F07C57 /* CharacterCardView.swift in Sources */ = {isa = PBXBuildFile; fileRef = 22A2CE1E2A64970B00F07C57 /* CharacterCardView.swift */; };
/* End PBXBuildFile section */

/* Begin PBXFileReference section */
		2209CAC32A64651900A3F40C /* RickAndMorty.app */ = {isa = PBXFileReference; explicitFileType = wrapper.application; includeInIndex = 0; path = RickAndMorty.app; sourceTree = BUILT_PRODUCTS_DIR; };
		2209CAC62A64651900A3F40C /* RickAndMortyApp.swift */ = {isa = PBXFileReference; lastKnownFileType = sourcecode.swift; path = RickAndMortyApp.swift; sourceTree = "<group>"; };
		2209CAC82A64651900A3F40C /* CharacterList.swift */ = {isa = PBXFileReference; lastKnownFileType = sourcecode.swift; path = CharacterList.swift; sourceTree = "<group>"; };
		2209CACA2A64651A00A3F40C /* Assets.xcassets */ = {isa = PBXFileReference; lastKnownFileType = folder.assetcatalog; path = Assets.xcassets; sourceTree = "<group>"; };
		2209CACD2A64651A00A3F40C /* Preview Assets.xcassets */ = {isa = PBXFileReference; lastKnownFileType = folder.assetcatalog; path = "Preview Assets.xcassets"; sourceTree = "<group>"; };
		222655C82A646D4A00EA0F5B /* schema.graphqls */ = {isa = PBXFileReference; fileEncoding = 4; lastKnownFileType = text; path = schema.graphqls; sourceTree = "<group>"; };
		222655CA2A646D6E00EA0F5B /* CharacterList.graphql */ = {isa = PBXFileReference; lastKnownFileType = text; path = CharacterList.graphql; sourceTree = "<group>"; };
		222655CC2A646D9600EA0F5B /* RickAndMortyAPI */ = {isa = PBXFileReference; lastKnownFileType = wrapper; path = RickAndMortyAPI; sourceTree = "<group>"; };
		222655D02A646E7C00EA0F5B /* NetworkManager.swift */ = {isa = PBXFileReference; lastKnownFileType = sourcecode.swift; path = NetworkManager.swift; sourceTree = "<group>"; };
		222655D22A64772F00EA0F5B /* CharacterService.swift */ = {isa = PBXFileReference; lastKnownFileType = sourcecode.swift; path = CharacterService.swift; sourceTree = "<group>"; };
		222655D72A647D1600EA0F5B /* CharacterListViewModel.swift */ = {isa = PBXFileReference; lastKnownFileType = sourcecode.swift; path = CharacterListViewModel.swift; sourceTree = "<group>"; };
		22A2CE1E2A64970B00F07C57 /* CharacterCardView.swift */ = {isa = PBXFileReference; lastKnownFileType = sourcecode.swift; path = CharacterCardView.swift; sourceTree = "<group>"; };
/* End PBXFileReference section */

/* Begin PBXFrameworksBuildPhase section */
		2209CAC02A64651900A3F40C /* Frameworks */ = {
			isa = PBXFrameworksBuildPhase;
			buildActionMask = 2147483647;
			files = (
				2209CADB2A6468CB00A3F40C /* Apollo in Frameworks */,
				222655CF2A646D9D00EA0F5B /* RickAndMortyAPI in Frameworks */,
				2209CADD2A6468CB00A3F40C /* ApolloWebSocket in Frameworks */,
			);
			runOnlyForDeploymentPostprocessing = 0;
		};
/* End PBXFrameworksBuildPhase section */

/* Begin PBXGroup section */
		2209CABA2A64651900A3F40C = {
			isa = PBXGroup;
			children = (
				222655CB2A646D9600EA0F5B /* Packages */,
				2209CAC52A64651900A3F40C /* RickAndMorty */,
				2209CAC42A64651900A3F40C /* Products */,
				222655CD2A646D9D00EA0F5B /* Frameworks */,
			);
			sourceTree = "<group>";
		};
		2209CAC42A64651900A3F40C /* Products */ = {
			isa = PBXGroup;
			children = (
				2209CAC32A64651900A3F40C /* RickAndMorty.app */,
			);
			name = Products;
			sourceTree = "<group>";
		};
		2209CAC52A64651900A3F40C /* RickAndMorty */ = {
			isa = PBXGroup;
			children = (
				222655C72A646D4A00EA0F5B /* graphql */,
				2209CAD42A64677600A3F40C /* Networking */,
				2209CAD82A6467E700A3F40C /* Services */,
				2209CAD62A6467DC00A3F40C /* Screens */,
				2209CAD52A6467CF00A3F40C /* Views */,
				2209CAC62A64651900A3F40C /* RickAndMortyApp.swift */,
				2209CACA2A64651A00A3F40C /* Assets.xcassets */,
				2209CACC2A64651A00A3F40C /* Preview Content */,
			);
			path = RickAndMorty;
			sourceTree = "<group>";
		};
		2209CACC2A64651A00A3F40C /* Preview Content */ = {
			isa = PBXGroup;
			children = (
				2209CACD2A64651A00A3F40C /* Preview Assets.xcassets */,
			);
			path = "Preview Content";
			sourceTree = "<group>";
		};
		2209CAD42A64677600A3F40C /* Networking */ = {
			isa = PBXGroup;
			children = (
				222655D02A646E7C00EA0F5B /* NetworkManager.swift */,
			);
			path = Networking;
			sourceTree = "<group>";
		};
		2209CAD52A6467CF00A3F40C /* Views */ = {
			isa = PBXGroup;
			children = (
				22A2CE1E2A64970B00F07C57 /* CharacterCardView.swift */,
			);
			path = Views;
			sourceTree = "<group>";
		};
		2209CAD62A6467DC00A3F40C /* Screens */ = {
			isa = PBXGroup;
			children = (
				222655D62A647CBD00EA0F5B /* CharactersList */,
			);
			path = Screens;
			sourceTree = "<group>";
		};
		2209CAD82A6467E700A3F40C /* Services */ = {
			isa = PBXGroup;
			children = (
				222655D22A64772F00EA0F5B /* CharacterService.swift */,
			);
			path = Services;
			sourceTree = "<group>";
		};
		222655C72A646D4A00EA0F5B /* graphql */ = {
			isa = PBXGroup;
			children = (
				222655C82A646D4A00EA0F5B /* schema.graphqls */,
				222655CA2A646D6E00EA0F5B /* CharacterList.graphql */,
			);
			path = graphql;
			sourceTree = SOURCE_ROOT;
		};
		222655CB2A646D9600EA0F5B /* Packages */ = {
			isa = PBXGroup;
			children = (
				222655CC2A646D9600EA0F5B /* RickAndMortyAPI */,
			);
			name = Packages;
			sourceTree = "<group>";
		};
		222655CD2A646D9D00EA0F5B /* Frameworks */ = {
			isa = PBXGroup;
			children = (
			);
			name = Frameworks;
			sourceTree = "<group>";
		};
		222655D62A647CBD00EA0F5B /* CharactersList */ = {
			isa = PBXGroup;
			children = (
				2209CAC82A64651900A3F40C /* CharacterList.swift */,
				222655D72A647D1600EA0F5B /* CharacterListViewModel.swift */,
			);
			path = CharactersList;
			sourceTree = "<group>";
		};
/* End PBXGroup section */

/* Begin PBXNativeTarget section */
		2209CAC22A64651900A3F40C /* RickAndMorty */ = {
			isa = PBXNativeTarget;
			buildConfigurationList = 2209CAD12A64651A00A3F40C /* Build configuration list for PBXNativeTarget "RickAndMorty" */;
			buildPhases = (
				2209CABF2A64651900A3F40C /* Sources */,
				2209CAC02A64651900A3F40C /* Frameworks */,
				2209CAC12A64651900A3F40C /* Resources */,
			);
			buildRules = (
			);
			dependencies = (
			);
			name = RickAndMorty;
			packageProductDependencies = (
				2209CADA2A6468CB00A3F40C /* Apollo */,
				2209CADC2A6468CB00A3F40C /* ApolloWebSocket */,
				222655CE2A646D9D00EA0F5B /* RickAndMortyAPI */,
			);
			productName = RickAndMorty;
			productReference = 2209CAC32A64651900A3F40C /* RickAndMorty.app */;
			productType = "com.apple.product-type.application";
		};
/* End PBXNativeTarget section */

/* Begin PBXProject section */
		2209CABB2A64651900A3F40C /* Project object */ = {
			isa = PBXProject;
			attributes = {
				BuildIndependentTargetsInParallel = 1;
				LastSwiftUpdateCheck = 1420;
				LastUpgradeCheck = 1420;
				TargetAttributes = {
					2209CAC22A64651900A3F40C = {
						CreatedOnToolsVersion = 14.2;
					};
				};
			};
			buildConfigurationList = 2209CABE2A64651900A3F40C /* Build configuration list for PBXProject "RickAndMorty" */;
			compatibilityVersion = "Xcode 14.0";
			developmentRegion = en;
			hasScannedForEncodings = 0;
			knownRegions = (
				en,
				Base,
			);
			mainGroup = 2209CABA2A64651900A3F40C;
			packageReferences = (
				2209CAD92A6468CB00A3F40C /* XCRemoteSwiftPackageReference "apollo-ios" */,
			);
			productRefGroup = 2209CAC42A64651900A3F40C /* Products */;
			projectDirPath = "";
			projectRoot = "";
			targets = (
				2209CAC22A64651900A3F40C /* RickAndMorty */,
			);
		};
/* End PBXProject section */

/* Begin PBXResourcesBuildPhase section */
		2209CAC12A64651900A3F40C /* Resources */ = {
			isa = PBXResourcesBuildPhase;
			buildActionMask = 2147483647;
			files = (
				2209CACE2A64651A00A3F40C /* Preview Assets.xcassets in Resources */,
				222655C92A646D4A00EA0F5B /* schema.graphqls in Resources */,
				2209CACB2A64651A00A3F40C /* Assets.xcassets in Resources */,
			);
			runOnlyForDeploymentPostprocessing = 0;
		};
/* End PBXResourcesBuildPhase section */

/* Begin PBXSourcesBuildPhase section */
		2209CABF2A64651900A3F40C /* Sources */ = {
			isa = PBXSourcesBuildPhase;
			buildActionMask = 2147483647;
			files = (
				222655D12A646E7C00EA0F5B /* NetworkManager.swift in Sources */,
				2209CAC92A64651900A3F40C /* CharacterList.swift in Sources */,
				2209CAC72A64651900A3F40C /* RickAndMortyApp.swift in Sources */,
				222655D82A647D1600EA0F5B /* CharacterListViewModel.swift in Sources */,
				22A2CE1F2A64970B00F07C57 /* CharacterCardView.swift in Sources */,
				222655D32A64772F00EA0F5B /* CharacterService.swift in Sources */,
			);
			runOnlyForDeploymentPostprocessing = 0;
		};
/* End PBXSourcesBuildPhase section */

/* Begin XCBuildConfiguration section */
		2209CACF2A64651A00A3F40C /* Debug */ = {
			isa = XCBuildConfiguration;
			buildSettings = {
				ALWAYS_SEARCH_USER_PATHS = NO;
				CLANG_ANALYZER_NONNULL = YES;
				CLANG_ANALYZER_NUMBER_OBJECT_CONVERSION = YES_AGGRESSIVE;
				CLANG_CXX_LANGUAGE_STANDARD = "gnu++20";
				CLANG_ENABLE_MODULES = YES;
				CLANG_ENABLE_OBJC_ARC = YES;
				CLANG_ENABLE_OBJC_WEAK = YES;
				CLANG_WARN_BLOCK_CAPTURE_AUTORELEASING = YES;
				CLANG_WARN_BOOL_CONVERSION = YES;
				CLANG_WARN_COMMA = YES;
				CLANG_WARN_CONSTANT_CONVERSION = YES;
				CLANG_WARN_DEPRECATED_OBJC_IMPLEMENTATIONS = YES;
				CLANG_WARN_DIRECT_OBJC_ISA_USAGE = YES_ERROR;
				CLANG_WARN_DOCUMENTATION_COMMENTS = YES;
				CLANG_WARN_EMPTY_BODY = YES;
				CLANG_WARN_ENUM_CONVERSION = YES;
				CLANG_WARN_INFINITE_RECURSION = YES;
				CLANG_WARN_INT_CONVERSION = YES;
				CLANG_WARN_NON_LITERAL_NULL_CONVERSION = YES;
				CLANG_WARN_OBJC_IMPLICIT_RETAIN_SELF = YES;
				CLANG_WARN_OBJC_LITERAL_CONVERSION = YES;
				CLANG_WARN_OBJC_ROOT_CLASS = YES_ERROR;
				CLANG_WARN_QUOTED_INCLUDE_IN_FRAMEWORK_HEADER = YES;
				CLANG_WARN_RANGE_LOOP_ANALYSIS = YES;
				CLANG_WARN_STRICT_PROTOTYPES = YES;
				CLANG_WARN_SUSPICIOUS_MOVE = YES;
				CLANG_WARN_UNGUARDED_AVAILABILITY = YES_AGGRESSIVE;
				CLANG_WARN_UNREACHABLE_CODE = YES;
				CLANG_WARN__DUPLICATE_METHOD_MATCH = YES;
				COPY_PHASE_STRIP = NO;
				DEBUG_INFORMATION_FORMAT = dwarf;
				ENABLE_STRICT_OBJC_MSGSEND = YES;
				ENABLE_TESTABILITY = YES;
				GCC_C_LANGUAGE_STANDARD = gnu11;
				GCC_DYNAMIC_NO_PIC = NO;
				GCC_NO_COMMON_BLOCKS = YES;
				GCC_OPTIMIZATION_LEVEL = 0;
				GCC_PREPROCESSOR_DEFINITIONS = (
					"DEBUG=1",
					"$(inherited)",
				);
				GCC_WARN_64_TO_32_BIT_CONVERSION = YES;
				GCC_WARN_ABOUT_RETURN_TYPE = YES_ERROR;
				GCC_WARN_UNDECLARED_SELECTOR = YES;
				GCC_WARN_UNINITIALIZED_AUTOS = YES_AGGRESSIVE;
				GCC_WARN_UNUSED_FUNCTION = YES;
				GCC_WARN_UNUSED_VARIABLE = YES;
				IPHONEOS_DEPLOYMENT_TARGET = 16.2;
				MTL_ENABLE_DEBUG_INFO = INCLUDE_SOURCE;
				MTL_FAST_MATH = YES;
				ONLY_ACTIVE_ARCH = YES;
				SDKROOT = iphoneos;
				SWIFT_ACTIVE_COMPILATION_CONDITIONS = DEBUG;
				SWIFT_OPTIMIZATION_LEVEL = "-Onone";
			};
			name = Debug;
		};
		2209CAD02A64651A00A3F40C /* Release */ = {
			isa = XCBuildConfiguration;
			buildSettings = {
				ALWAYS_SEARCH_USER_PATHS = NO;
				CLANG_ANALYZER_NONNULL = YES;
				CLANG_ANALYZER_NUMBER_OBJECT_CONVERSION = YES_AGGRESSIVE;
				CLANG_CXX_LANGUAGE_STANDARD = "gnu++20";
				CLANG_ENABLE_MODULES = YES;
				CLANG_ENABLE_OBJC_ARC = YES;
				CLANG_ENABLE_OBJC_WEAK = YES;
				CLANG_WARN_BLOCK_CAPTURE_AUTORELEASING = YES;
				CLANG_WARN_BOOL_CONVERSION = YES;
				CLANG_WARN_COMMA = YES;
				CLANG_WARN_CONSTANT_CONVERSION = YES;
				CLANG_WARN_DEPRECATED_OBJC_IMPLEMENTATIONS = YES;
				CLANG_WARN_DIRECT_OBJC_ISA_USAGE = YES_ERROR;
				CLANG_WARN_DOCUMENTATION_COMMENTS = YES;
				CLANG_WARN_EMPTY_BODY = YES;
				CLANG_WARN_ENUM_CONVERSION = YES;
				CLANG_WARN_INFINITE_RECURSION = YES;
				CLANG_WARN_INT_CONVERSION = YES;
				CLANG_WARN_NON_LITERAL_NULL_CONVERSION = YES;
				CLANG_WARN_OBJC_IMPLICIT_RETAIN_SELF = YES;
				CLANG_WARN_OBJC_LITERAL_CONVERSION = YES;
				CLANG_WARN_OBJC_ROOT_CLASS = YES_ERROR;
				CLANG_WARN_QUOTED_INCLUDE_IN_FRAMEWORK_HEADER = YES;
				CLANG_WARN_RANGE_LOOP_ANALYSIS = YES;
				CLANG_WARN_STRICT_PROTOTYPES = YES;
				CLANG_WARN_SUSPICIOUS_MOVE = YES;
				CLANG_WARN_UNGUARDED_AVAILABILITY = YES_AGGRESSIVE;
				CLANG_WARN_UNREACHABLE_CODE = YES;
				CLANG_WARN__DUPLICATE_METHOD_MATCH = YES;
				COPY_PHASE_STRIP = NO;
				DEBUG_INFORMATION_FORMAT = "dwarf-with-dsym";
				ENABLE_NS_ASSERTIONS = NO;
				ENABLE_STRICT_OBJC_MSGSEND = YES;
				GCC_C_LANGUAGE_STANDARD = gnu11;
				GCC_NO_COMMON_BLOCKS = YES;
				GCC_WARN_64_TO_32_BIT_CONVERSION = YES;
				GCC_WARN_ABOUT_RETURN_TYPE = YES_ERROR;
				GCC_WARN_UNDECLARED_SELECTOR = YES;
				GCC_WARN_UNINITIALIZED_AUTOS = YES_AGGRESSIVE;
				GCC_WARN_UNUSED_FUNCTION = YES;
				GCC_WARN_UNUSED_VARIABLE = YES;
				IPHONEOS_DEPLOYMENT_TARGET = 16.2;
				MTL_ENABLE_DEBUG_INFO = NO;
				MTL_FAST_MATH = YES;
				SDKROOT = iphoneos;
				SWIFT_COMPILATION_MODE = wholemodule;
				SWIFT_OPTIMIZATION_LEVEL = "-O";
				VALIDATE_PRODUCT = YES;
			};
			name = Release;
		};
		2209CAD22A64651A00A3F40C /* Debug */ = {
			isa = XCBuildConfiguration;
			buildSettings = {
				ASSETCATALOG_COMPILER_APPICON_NAME = AppIcon;
				ASSETCATALOG_COMPILER_GLOBAL_ACCENT_COLOR_NAME = AccentColor;
				CODE_SIGN_STYLE = Automatic;
				CURRENT_PROJECT_VERSION = 1;
				DEVELOPMENT_ASSET_PATHS = "\"RickAndMorty/Preview Content\"";
				DEVELOPMENT_TEAM = 6HF4JSQNA4;
				ENABLE_PREVIEWS = YES;
				GENERATE_INFOPLIST_FILE = YES;
				INFOPLIST_KEY_UIApplicationSceneManifest_Generation = YES;
				INFOPLIST_KEY_UIApplicationSupportsIndirectInputEvents = YES;
				INFOPLIST_KEY_UILaunchScreen_Generation = YES;
				INFOPLIST_KEY_UIStatusBarStyle = "";
				INFOPLIST_KEY_UISupportedInterfaceOrientations = UIInterfaceOrientationPortrait;
				INFOPLIST_KEY_UISupportedInterfaceOrientations_iPad = "UIInterfaceOrientationLandscapeLeft UIInterfaceOrientationLandscapeRight UIInterfaceOrientationPortrait UIInterfaceOrientationPortraitUpsideDown";
				LD_RUNPATH_SEARCH_PATHS = (
					"$(inherited)",
					"@executable_path/Frameworks",
				);
				MARKETING_VERSION = 1.0;
				PRODUCT_BUNDLE_IDENTIFIER = com.dnzhelloo.RickAndMorty;
				PRODUCT_NAME = "$(TARGET_NAME)";
				SWIFT_EMIT_LOC_STRINGS = YES;
				SWIFT_VERSION = 5.0;
				TARGETED_DEVICE_FAMILY = "1,2";
			};
			name = Debug;
		};
		2209CAD32A64651A00A3F40C /* Release */ = {
			isa = XCBuildConfiguration;
			buildSettings = {
				ASSETCATALOG_COMPILER_APPICON_NAME = AppIcon;
				ASSETCATALOG_COMPILER_GLOBAL_ACCENT_COLOR_NAME = AccentColor;
				CODE_SIGN_STYLE = Automatic;
				CURRENT_PROJECT_VERSION = 1;
				DEVELOPMENT_ASSET_PATHS = "\"RickAndMorty/Preview Content\"";
				DEVELOPMENT_TEAM = 6HF4JSQNA4;
				ENABLE_PREVIEWS = YES;
				GENERATE_INFOPLIST_FILE = YES;
				INFOPLIST_KEY_UIApplicationSceneManifest_Generation = YES;
				INFOPLIST_KEY_UIApplicationSupportsIndirectInputEvents = YES;
				INFOPLIST_KEY_UILaunchScreen_Generation = YES;
				INFOPLIST_KEY_UIStatusBarStyle = "";
				INFOPLIST_KEY_UISupportedInterfaceOrientations = UIInterfaceOrientationPortrait;
				INFOPLIST_KEY_UISupportedInterfaceOrientations_iPad = "UIInterfaceOrientationLandscapeLeft UIInterfaceOrientationLandscapeRight UIInterfaceOrientationPortrait UIInterfaceOrientationPortraitUpsideDown";
				LD_RUNPATH_SEARCH_PATHS = (
					"$(inherited)",
					"@executable_path/Frameworks",
				);
				MARKETING_VERSION = 1.0;
				PRODUCT_BUNDLE_IDENTIFIER = com.dnzhelloo.RickAndMorty;
				PRODUCT_NAME = "$(TARGET_NAME)";
				SWIFT_EMIT_LOC_STRINGS = YES;
				SWIFT_VERSION = 5.0;
				TARGETED_DEVICE_FAMILY = "1,2";
			};
			name = Release;
		};
/* End XCBuildConfiguration section */

/* Begin XCConfigurationList section */
		2209CABE2A64651900A3F40C /* Build configuration list for PBXProject "RickAndMorty" */ = {
			isa = XCConfigurationList;
			buildConfigurations = (
				2209CACF2A64651A00A3F40C /* Debug */,
				2209CAD02A64651A00A3F40C /* Release */,
			);
			defaultConfigurationIsVisible = 0;
			defaultConfigurationName = Release;
		};
		2209CAD12A64651A00A3F40C /* Build configuration list for PBXNativeTarget "RickAndMorty" */ = {
			isa = XCConfigurationList;
			buildConfigurations = (
				2209CAD22A64651A00A3F40C /* Debug */,
				2209CAD32A64651A00A3F40C /* Release */,
			);
			defaultConfigurationIsVisible = 0;
			defaultConfigurationName = Release;
		};
/* End XCConfigurationList section */

/* Begin XCRemoteSwiftPackageReference section */
		2209CAD92A6468CB00A3F40C /* XCRemoteSwiftPackageReference "apollo-ios" */ = {
			isa = XCRemoteSwiftPackageReference;
			repositoryURL = "https://github.com/apollographql/apollo-ios.git";
			requirement = {
				kind = upToNextMinorVersion;
				minimumVersion = 1.3.0;
			};
		};
/* End XCRemoteSwiftPackageReference section */

/* Begin XCSwiftPackageProductDependency section */
		2209CADA2A6468CB00A3F40C /* Apollo */ = {
			isa = XCSwiftPackageProductDependency;
			package = 2209CAD92A6468CB00A3F40C /* XCRemoteSwiftPackageReference "apollo-ios" */;
			productName = Apollo;
		};
		2209CADC2A6468CB00A3F40C /* ApolloWebSocket */ = {
			isa = XCSwiftPackageProductDependency;
			package = 2209CAD92A6468CB00A3F40C /* XCRemoteSwiftPackageReference "apollo-ios" */;
			productName = ApolloWebSocket;
		};
		222655CE2A646D9D00EA0F5B /* RickAndMortyAPI */ = {
			isa = XCSwiftPackageProductDependency;
			productName = RickAndMortyAPI;
		};
/* End XCSwiftPackageProductDependency section */
	};
	rootObject = 2209CABB2A64651900A3F40C /* Project object */;
}
